
Microsoft Visual Studio Solution File, Format Version 12.00
# Visual Studio Version 17
VisualStudioVersion = 17.14.36414.22 d17.14
MinimumVisualStudioVersion = 10.0.40219.1
Project("{FAE04EC0-301F-11D3-BF4B-00C04F79EFBC}") = "SingkoFItnessWebApi", "SingkoFItnessWebApi\SingkoFItnessWebApi.csproj", "{A5554D15-5E16-40AF-843F-21727FCDEEA0}"
EndProject
Global
	GlobalSection(SolutionConfigurationPlatforms) = preSolution
		Debug|Any CPU = Debug|Any CPU
		Release|Any CPU = Release|Any CPU
	EndGlobalSection
	GlobalSection(ProjectConfigurationPlatforms) = postSolution
		{A5554D15-5E16-40AF-843F-21727FCDEEA0}.Debug|Any CPU.ActiveCfg = Debug|Any CPU
		{A5554D15-5E16-40AF-843F-21727FCDEEA0}.Debug|Any CPU.Build.0 = Debug|Any CPU
		{A5554D15-5E16-40AF-843F-21727FCDEEA0}.Release|Any CPU.ActiveCfg = Release|Any CPU
		{A5554D15-5E16-40AF-843F-21727FCDEEA0}.Release|Any CPU.Build.0 = Release|Any CPU
	EndGlobalSection
	GlobalSection(SolutionProperties) = preSolution
		HideSolutionNode = FALSE
	EndGlobalSection
	GlobalSection(ExtensibilityGlobals) = postSolution
		SolutionGuid = {F5215F97-421A-4D92-8FAB-4D1328C4ACF3}
	EndGlobalSection
EndGlobal
